// !$*UTF8*$!
{
	archiveVersion = 1;
	classes = {
	};
	objectVersion = 46;
	objects = {

/* Begin PBXBuildFile section */
		86385CD51D43BAD700E44111 /* AppDelegate.swift in Sources */ = {isa = PBXBuildFile; fileRef = 86385CD41D43BAD700E44111 /* AppDelegate.swift */; };
		86385CDA1D43BAD700E44111 /* Main.storyboard in Resources */ = {isa = PBXBuildFile; fileRef = 86385CD81D43BAD700E44111 /* Main.storyboard */; };
		86385CDC1D43BAD700E44111 /* Assets.xcassets in Resources */ = {isa = PBXBuildFile; fileRef = 86385CDB1D43BAD700E44111 /* Assets.xcassets */; };
		86385CDF1D43BAD700E44111 /* LaunchScreen.storyboard in Resources */ = {isa = PBXBuildFile; fileRef = 86385CDD1D43BAD700E44111 /* LaunchScreen.storyboard */; };
		86385CE71D43BBA200E44111 /* ItemsViewController.swift in Sources */ = {isa = PBXBuildFile; fileRef = 86385CE61D43BBA200E44111 /* ItemsViewController.swift */; };
		86385CE91D43BEAE00E44111 /* Item.swift in Sources */ = {isa = PBXBuildFile; fileRef = 86385CE81D43BEAE00E44111 /* Item.swift */; };
		86385CEB1D43C20200E44111 /* ItemStore.swift in Sources */ = {isa = PBXBuildFile; fileRef = 86385CEA1D43C20200E44111 /* ItemStore.swift */; };
		86385CED1D43E57400E44111 /* ItemCell.swift in Sources */ = {isa = PBXBuildFile; fileRef = 86385CEC1D43E57400E44111 /* ItemCell.swift */; };
		86385CEF1D43FEC500E44111 /* DetailViewController.swift in Sources */ = {isa = PBXBuildFile; fileRef = 86385CEE1D43FEC500E44111 /* DetailViewController.swift */; };
		86D1927B1D45179700ED4AC1 /* TextField.swift in Sources */ = {isa = PBXBuildFile; fileRef = 86D1927A1D45179700ED4AC1 /* TextField.swift */; };
/* End PBXBuildFile section */

/* Begin PBXFileReference section */
		86385CD11D43BAD700E44111 /* Homepwner.app */ = {isa = PBXFileReference; explicitFileType = wrapper.application; includeInIndex = 0; path = Homepwner.app; sourceTree = BUILT_PRODUCTS_DIR; };
		86385CD41D43BAD700E44111 /* AppDelegate.swift */ = {isa = PBXFileReference; lastKnownFileType = sourcecode.swift; path = AppDelegate.swift; sourceTree = "<group>"; };
		86385CD91D43BAD700E44111 /* Base */ = {isa = PBXFileReference; lastKnownFileType = file.storyboard; name = Base; path = Base.lproj/Main.storyboard; sourceTree = "<group>"; };
		86385CDB1D43BAD700E44111 /* Assets.xcassets */ = {isa = PBXFileReference; lastKnownFileType = folder.assetcatalog; path = Assets.xcassets; sourceTree = "<group>"; };
		86385CDE1D43BAD700E44111 /* Base */ = {isa = PBXFileReference; lastKnownFileType = file.storyboard; name = Base; path = Base.lproj/LaunchScreen.storyboard; sourceTree = "<group>"; };
		86385CE01D43BAD700E44111 /* Info.plist */ = {isa = PBXFileReference; lastKnownFileType = text.plist.xml; path = Info.plist; sourceTree = "<group>"; };
		86385CE61D43BBA200E44111 /* ItemsViewController.swift */ = {isa = PBXFileReference; fileEncoding = 4; lastKnownFileType = sourcecode.swift; path = ItemsViewController.swift; sourceTree = "<group>"; };
		86385CE81D43BEAE00E44111 /* Item.swift */ = {isa = PBXFileReference; fileEncoding = 4; lastKnownFileType = sourcecode.swift; path = Item.swift; sourceTree = "<group>"; };
		86385CEA1D43C20200E44111 /* ItemStore.swift */ = {isa = PBXFileReference; fileEncoding = 4; lastKnownFileType = sourcecode.swift; path = ItemStore.swift; sourceTree = "<group>"; };
		86385CEC1D43E57400E44111 /* ItemCell.swift */ = {isa = PBXFileReference; fileEncoding = 4; lastKnownFileType = sourcecode.swift; path = ItemCell.swift; sourceTree = "<group>"; };
		86385CEE1D43FEC500E44111 /* DetailViewController.swift */ = {isa = PBXFileReference; fileEncoding = 4; lastKnownFileType = sourcecode.swift; path = DetailViewController.swift; sourceTree = "<group>"; };
		86D1927A1D45179700ED4AC1 /* TextField.swift */ = {isa = PBXFileReference; fileEncoding = 4; lastKnownFileType = sourcecode.swift; path = TextField.swift; sourceTree = "<group>"; };
/* End PBXFileReference section */

/* Begin PBXFrameworksBuildPhase section */
		86385CCE1D43BAD700E44111 /* Frameworks */ = {
			isa = PBXFrameworksBuildPhase;
			buildActionMask = 2147483647;
			files = (
			);
			runOnlyForDeploymentPostprocessing = 0;
		};
/* End PBXFrameworksBuildPhase section */

/* Begin PBXGroup section */
		86385CC81D43BAD700E44111 = {
			isa = PBXGroup;
			children = (
				86385CD31D43BAD700E44111 /* Homepwner */,
				86385CD21D43BAD700E44111 /* Products */,
			);
			sourceTree = "<group>";
		};
		86385CD21D43BAD700E44111 /* Products */ = {
			isa = PBXGroup;
			children = (
				86385CD11D43BAD700E44111 /* Homepwner.app */,
			);
			name = Products;
			sourceTree = "<group>";
		};
		86385CD31D43BAD700E44111 /* Homepwner */ = {
			isa = PBXGroup;
			children = (
				86385CD41D43BAD700E44111 /* AppDelegate.swift */,
				86385CE81D43BEAE00E44111 /* Item.swift */,
				86385CEA1D43C20200E44111 /* ItemStore.swift */,
				86385CEC1D43E57400E44111 /* ItemCell.swift */,
				86385CE61D43BBA200E44111 /* ItemsViewController.swift */,
				86385CEE1D43FEC500E44111 /* DetailViewController.swift */,
				86385CD81D43BAD700E44111 /* Main.storyboard */,
				86D1927A1D45179700ED4AC1 /* TextField.swift */,
				86385CDB1D43BAD700E44111 /* Assets.xcassets */,
				86385CDD1D43BAD700E44111 /* LaunchScreen.storyboard */,
				86385CE01D43BAD700E44111 /* Info.plist */,
			);
			path = Homepwner;
			sourceTree = "<group>";
		};
/* End PBXGroup section */

/* Begin PBXNativeTarget section */
		86385CD01D43BAD700E44111 /* Homepwner */ = {
			isa = PBXNativeTarget;
			buildConfigurationList = 86385CE31D43BAD700E44111 /* Build configuration list for PBXNativeTarget "Homepwner" */;
			buildPhases = (
				86385CCD1D43BAD700E44111 /* Sources */,
				86385CCE1D43BAD700E44111 /* Frameworks */,
				86385CCF1D43BAD700E44111 /* Resources */,
			);
			buildRules = (
			);
			dependencies = (
			);
			name = Homepwner;
			productName = Homepwner;
			productReference = 86385CD11D43BAD700E44111 /* Homepwner.app */;
			productType = "com.apple.product-type.application";
		};
/* End PBXNativeTarget section */

/* Begin PBXProject section */
		86385CC91D43BAD700E44111 /* Project object */ = {
			isa = PBXProject;
			attributes = {
				LastSwiftUpdateCheck = 0730;
				LastUpgradeCheck = 0730;
				ORGANIZATIONNAME = "Ash Ryan Beats";
				TargetAttributes = {
					86385CD01D43BAD700E44111 = {
						CreatedOnToolsVersion = 7.3.1;
						DevelopmentTeam = L257RLZ287;
					};
				};
			};
			buildConfigurationList = 86385CCC1D43BAD700E44111 /* Build configuration list for PBXProject "Homepwner" */;
			compatibilityVersion = "Xcode 3.2";
			developmentRegion = English;
			hasScannedForEncodings = 0;
			knownRegions = (
				en,
				Base,
			);
			mainGroup = 86385CC81D43BAD700E44111;
			productRefGroup = 86385CD21D43BAD700E44111 /* Products */;
			projectDirPath = "";
			projectRoot = "";
			targets = (
				86385CD01D43BAD700E44111 /* Homepwner */,
			);
		};
/* End PBXProject section */

/* Begin PBXResourcesBuildPhase section */
		86385CCF1D43BAD700E44111 /* Resources */ = {
			isa = PBXResourcesBuildPhase;
			buildActionMask = 2147483647;
			files = (
				86385CDF1D43BAD700E44111 /* LaunchScreen.storyboard in Resources */,
				86385CDC1D43BAD700E44111 /* Assets.xcassets in Resources */,
				86385CDA1D43BAD700E44111 /* Main.storyboard in Resources */,
			);
			runOnlyForDeploymentPostprocessing = 0;
		};
/* End PBXResourcesBuildPhase section */

/* Begin PBXSourcesBuildPhase section */
		86385CCD1D43BAD700E44111 /* Sources */ = {
			isa = PBXSourcesBuildPhase;
			buildActionMask = 2147483647;
			files = (
				86385CE71D43BBA200E44111 /* ItemsViewController.swift in Sources */,
				86385CE91D43BEAE00E44111 /* Item.swift in Sources */,
				86385CEB1D43C20200E44111 /* ItemStore.swift in Sources */,
				86D1927B1D45179700ED4AC1 /* TextField.swift in Sources */,
				86385CEF1D43FEC500E44111 /* DetailViewController.swift in Sources */,
				86385CD51D43BAD700E44111 /* AppDelegate.swift in Sources */,
				86385CED1D43E57400E44111 /* ItemCell.swift in Sources */,
			);
			runOnlyForDeploymentPostprocessing = 0;
		};
/* End PBXSourcesBuildPhase section */

/* Begin PBXVariantGroup section */
		86385CD81D43BAD700E44111 /* Main.storyboard */ = {
			isa = PBXVariantGroup;
			children = (
				86385CD91D43BAD700E44111 /* Base */,
			);
			name = Main.storyboard;
			sourceTree = "<group>";
		};
		86385CDD1D43BAD700E44111 /* LaunchScreen.storyboard */ = {
			isa = PBXVariantGroup;
			children = (
				86385CDE1D43BAD700E44111 /* Base */,
			);
			name = LaunchScreen.storyboard;
			sourceTree = "<group>";
		};
/* End PBXVariantGroup section */

/* Begin XCBuildConfiguration section */
		86385CE11D43BAD700E44111 /* Debug */ = {
			isa = XCBuildConfiguration;
			buildSettings = {
				ALWAYS_SEARCH_USER_PATHS = NO;
				CLANG_ANALYZER_NONNULL = YES;
				CLANG_CXX_LANGUAGE_STANDARD = "gnu++0x";
				CLANG_CXX_LIBRARY = "libc++";
				CLANG_ENABLE_MODULES = YES;
				CLANG_ENABLE_OBJC_ARC = YES;
				CLANG_WARN_BOOL_CONVERSION = YES;
				CLANG_WARN_CONSTANT_CONVERSION = YES;
				CLANG_WARN_DIRECT_OBJC_ISA_USAGE = YES_ERROR;
				CLANG_WARN_EMPTY_BODY = YES;
				CLANG_WARN_ENUM_CONVERSION = YES;
				CLANG_WARN_INT_CONVERSION = YES;
				CLANG_WARN_OBJC_ROOT_CLASS = YES_ERROR;
				CLANG_WARN_UNREACHABLE_CODE = YES;
				CLANG_WARN__DUPLICATE_METHOD_MATCH = YES;
				"CODE_SIGN_IDENTITY[sdk=iphoneos*]" = "iPhone Developer";
				COPY_PHASE_STRIP = NO;
				DEBUG_INFORMATION_FORMAT = dwarf;
				ENABLE_STRICT_OBJC_MSGSEND = YES;
				ENABLE_TESTABILITY = YES;
				GCC_C_LANGUAGE_STANDARD = gnu99;
				GCC_DYNAMIC_NO_PIC = NO;
				GCC_NO_COMMON_BLOCKS = YES;
				GCC_OPTIMIZATION_LEVEL = 0;
				GCC_PREPROCESSOR_DEFINITIONS = (
					"DEBUG=1",
					"$(inherited)",
				);
				GCC_WARN_64_TO_32_BIT_CONVERSION = YES;
				GCC_WARN_ABOUT_RETURN_TYPE = YES_ERROR;
				GCC_WARN_UNDECLARED_SELECTOR = YES;
				GCC_WARN_UNINITIALIZED_AUTOS = YES_AGGRESSIVE;
				GCC_WARN_UNUSED_FUNCTION = YES;
				GCC_WARN_UNUSED_VARIABLE = YES;
				IPHONEOS_DEPLOYMENT_TARGET = 9.3;
				MTL_ENABLE_DEBUG_INFO = YES;
				ONLY_ACTIVE_ARCH = YES;
				SDKROOT = iphoneos;
				SWIFT_OPTIMIZATION_LEVEL = "-Onone";
			};
			name = Debug;
		};
		86385CE21D43BAD700E44111 /* Release */ = {
			isa = XCBuildConfiguration;
			buildSettings = {
				ALWAYS_SEARCH_USER_PATHS = NO;
				CLANG_ANALYZER_NONNULL = YES;
				CLANG_CXX_LANGUAGE_STANDARD = "gnu++0x";
				CLANG_CXX_LIBRARY = "libc++";
				CLANG_ENABLE_MODULES = YES;
				CLANG_ENABLE_OBJC_ARC = YES;
				CLANG_WARN_BOOL_CONVERSION = YES;
				CLANG_WARN_CONSTANT_CONVERSION = YES;
				CLANG_WARN_DIRECT_OBJC_ISA_USAGE = YES_ERROR;
				CLANG_WARN_EMPTY_BODY = YES;
				CLANG_WARN_ENUM_CONVERSION = YES;
				CLANG_WARN_INT_CONVERSION = YES;
				CLANG_WARN_OBJC_ROOT_CLASS = YES_ERROR;
				CLANG_WARN_UNREACHABLE_CODE = YES;
				CLANG_WARN__DUPLICATE_METHOD_MATCH = YES;
				"CODE_SIGN_IDENTITY[sdk=iphoneos*]" = "iPhone Developer";
				COPY_PHASE_STRIP = NO;
				DEBUG_INFORMATION_FORMAT = "dwarf-with-dsym";
				ENABLE_NS_ASSERTIONS = NO;
				ENABLE_STRICT_OBJC_MSGSEND = YES;
				GCC_C_LANGUAGE_STANDARD = gnu99;
				GCC_NO_COMMON_BLOCKS = YES;
				GCC_WARN_64_TO_32_BIT_CONVERSION = YES;
				GCC_WARN_ABOUT_RETURN_TYPE = YES_ERROR;
				GCC_WARN_UNDECLARED_SELECTOR = YES;
				GCC_WARN_UNINITIALIZED_AUTOS = YES_AGGRESSIVE;
				GCC_WARN_UNUSED_FUNCTION = YES;
				GCC_WARN_UNUSED_VARIABLE = YES;
				IPHONEOS_DEPLOYMENT_TARGET = 9.3;
				MTL_ENABLE_DEBUG_INFO = NO;
				SDKROOT = iphoneos;
				VALIDATE_PRODUCT = YES;
			};
			name = Release;
		};
		86385CE41D43BAD700E44111 /* Debug */ = {
			isa = XCBuildConfiguration;
			buildSettings = {
				ASSETCATALOG_COMPILER_APPICON_NAME = AppIcon;
				CODE_SIGN_IDENTITY = "iPhone Developer";
				"CODE_SIGN_IDENTITY[sdk=iphoneos*]" = "iPhone Developer";
				INFOPLIST_FILE = Homepwner/Info.plist;
				LD_RUNPATH_SEARCH_PATHS = "$(inherited) @executable_path/Frameworks";
				PRODUCT_BUNDLE_IDENTIFIER = com.ashryanbeats.Homepwner;
				PRODUCT_NAME = "$(TARGET_NAME)";
				PROVISIONING_PROFILE = "";
			};
			name = Debug;
		};
		86385CE51D43BAD700E44111 /* Release */ = {
			isa = XCBuildConfiguration;
			buildSettings = {
				ASSETCATALOG_COMPILER_APPICON_NAME = AppIcon;
				CODE_SIGN_IDENTITY = "iPhone Developer";
				"CODE_SIGN_IDENTITY[sdk=iphoneos*]" = "iPhone Developer";
				INFOPLIST_FILE = Homepwner/Info.plist;
				LD_RUNPATH_SEARCH_PATHS = "$(inherited) @executable_path/Frameworks";
				PRODUCT_BUNDLE_IDENTIFIER = com.ashryanbeats.Homepwner;
				PRODUCT_NAME = "$(TARGET_NAME)";
				PROVISIONING_PROFILE = "";
			};
			name = Release;
		};
/* End XCBuildConfiguration section */

/* Begin XCConfigurationList section */
		86385CCC1D43BAD700E44111 /* Build configuration list for PBXProject "Homepwner" */ = {
			isa = XCConfigurationList;
			buildConfigurations = (
				86385CE11D43BAD700E44111 /* Debug */,
				86385CE21D43BAD700E44111 /* Release */,
			);
			defaultConfigurationIsVisible = 0;
			defaultConfigurationName = Release;
		};
		86385CE31D43BAD700E44111 /* Build configuration list for PBXNativeTarget "Homepwner" */ = {
			isa = XCConfigurationList;
			buildConfigurations = (
				86385CE41D43BAD700E44111 /* Debug */,
				86385CE51D43BAD700E44111 /* Release */,
			);
			defaultConfigurationIsVisible = 0;
			defaultConfigurationName = Release;
		};
/* End XCConfigurationList section */
	};
	rootObject = 86385CC91D43BAD700E44111 /* Project object */;
}
